
Microsoft Visual Studio Solution File, Format Version 12.00
# Visual Studio Version 17
VisualStudioVersion = 17.7.34202.233
MinimumVisualStudioVersion = 10.0.40219.1
Project("{FAE04EC0-301F-11D3-BF4B-00C04F79EFBC}") = "Phase3End", "Phase3End\Phase3End.csproj", "{B0F1582F-5309-4EFF-B639-B4E5F38FD7E5}"
EndProject
Global
	GlobalSection(SolutionConfigurationPlatforms) = preSolution
		Debug|Any CPU = Debug|Any CPU
		Release|Any CPU = Release|Any CPU
	EndGlobalSection
	GlobalSection(ProjectConfigurationPlatforms) = postSolution
		{B0F1582F-5309-4EFF-B639-B4E5F38FD7E5}.Debug|Any CPU.ActiveCfg = Debug|Any CPU
		{B0F1582F-5309-4EFF-B639-B4E5F38FD7E5}.Debug|Any CPU.Build.0 = Debug|Any CPU
		{B0F1582F-5309-4EFF-B639-B4E5F38FD7E5}.Release|Any CPU.ActiveCfg = Release|Any CPU
		{B0F1582F-5309-4EFF-B639-B4E5F38FD7E5}.Release|Any CPU.Build.0 = Release|Any CPU
	EndGlobalSection
	GlobalSection(SolutionProperties) = preSolution
		HideSolutionNode = FALSE
	EndGlobalSection
	GlobalSection(ExtensibilityGlobals) = postSolution
		SolutionGuid = {58BD1352-16E3-4C33-82C7-F9F2A11BC60E}
	EndGlobalSection
EndGlobal
